{
  "name": "old_flask_react_stuff",
  "lockfileVersion": 3,
  "requires": true,
  "packages": {
    "": {
      "dependencies": {
        "@zoom/videosdk": "^2.1.5"
      }
    },
    "node_modules/@zoom/videosdk": {
      "version": "2.1.5",
      "resolved": "https://registry.npmjs.org/@zoom/videosdk/-/videosdk-2.1.5.tgz",
      "integrity": "sha512-NwjAs7Miwvrvcl9Jl2VajeaRg0+a43tt/49j5CDq6xaCrqsAUBuMLJurkk5SlLMrFxt8QvNTV6lcg9O2x/656w==",
      "license": "SEE LICENSE IN LICENSE.md"
    }
  }
}
